
Microsoft Visual Studio Solution File, Format Version 12.00
# Visual Studio Version 17
VisualStudioVersion = 17.5.33530.505
MinimumVisualStudioVersion = 10.0.40219.1
Project("{FAE04EC0-301F-11D3-BF4B-00C04F79EFBC}") = "9", "9\9.csproj", "{A71A7113-BAB8-45FE-87CE-0A1E181930DC}"
EndProject
Global
	GlobalSection(SolutionConfigurationPlatforms) = preSolution
		Debug|Any CPU = Debug|Any CPU
		Release|Any CPU = Release|Any CPU
	EndGlobalSection
	GlobalSection(ProjectConfigurationPlatforms) = postSolution
		{A71A7113-BAB8-45FE-87CE-0A1E181930DC}.Debug|Any CPU.ActiveCfg = Debug|Any CPU
		{A71A7113-BAB8-45FE-87CE-0A1E181930DC}.Debug|Any CPU.Build.0 = Debug|Any CPU
		{A71A7113-BAB8-45FE-87CE-0A1E181930DC}.Release|Any CPU.ActiveCfg = Release|Any CPU
		{A71A7113-BAB8-45FE-87CE-0A1E181930DC}.Release|Any CPU.Build.0 = Release|Any CPU
	EndGlobalSection
	GlobalSection(SolutionProperties) = preSolution
		HideSolutionNode = FALSE
	EndGlobalSection
	GlobalSection(ExtensibilityGlobals) = postSolution
		SolutionGuid = {C05C90F0-FF7D-4250-BB8F-F94D4CC48E07}
	EndGlobalSection
EndGlobal
